// !$*UTF8*$!
{
	archiveVersion = 1;
	classes = {
	};
	objectVersion = 56;
	objects = {

/* Begin PBXBuildFile section */
		11C7689429AFC9C500F2D6F7 /* Preview Assets.xcassets in Resources */ = {isa = PBXBuildFile; fileRef = 11C7689329AFC9C500F2D6F7 /* Preview Assets.xcassets */; };
		11C768A829AFCA1400F2D6F7 /* ContentView.swift in Sources */ = {isa = PBXBuildFile; fileRef = 11C7689B29AFCA1400F2D6F7 /* ContentView.swift */; };
		11C768A929AFCA1400F2D6F7 /* Assets.xcassets in Resources */ = {isa = PBXBuildFile; fileRef = 11C7689D29AFCA1400F2D6F7 /* Assets.xcassets */; };
		11C768AA29AFCA1400F2D6F7 /* Preview Assets.xcassets in Resources */ = {isa = PBXBuildFile; fileRef = 11C7689F29AFCA1400F2D6F7 /* Preview Assets.xcassets */; };
		11C768AB29AFCA1400F2D6F7 /* Logger.swift in Sources */ = {isa = PBXBuildFile; fileRef = 11C768A129AFCA1400F2D6F7 /* Logger.swift */; };
		11C768AC29AFCA1400F2D6F7 /* Settings.swift in Sources */ = {isa = PBXBuildFile; fileRef = 11C768A229AFCA1400F2D6F7 /* Settings.swift */; };
		11C768AD29AFCA1400F2D6F7 /* Injector.swift in Sources */ = {isa = PBXBuildFile; fileRef = 11C768A329AFCA1400F2D6F7 /* Injector.swift */; };
		11C768AE29AFCA1400F2D6F7 /* ModuleDependencyImpl.generated.swift in Sources */ = {isa = PBXBuildFile; fileRef = 11C768A529AFCA1400F2D6F7 /* ModuleDependencyImpl.generated.swift */; };
		11C768AF29AFCA1400F2D6F7 /* InlineGeneration.generated.swift in Sources */ = {isa = PBXBuildFile; fileRef = 11C768A629AFCA1400F2D6F7 /* InlineGeneration.generated.swift */; };
		11C768B029AFCA1400F2D6F7 /* SecretPlaceGameApp.swift in Sources */ = {isa = PBXBuildFile; fileRef = 11C768A729AFCA1400F2D6F7 /* SecretPlaceGameApp.swift */; };
		11C768B729AFCACA00F2D6F7 /* SecretPlaceGameAssets in Frameworks */ = {isa = PBXBuildFile; productRef = 11C768B629AFCACA00F2D6F7 /* SecretPlaceGameAssets */; };
		11C768B929AFCACA00F2D6F7 /* SecretPlaceGameClient in Frameworks */ = {isa = PBXBuildFile; productRef = 11C768B829AFCACA00F2D6F7 /* SecretPlaceGameClient */; };
		11C768BB29AFCACA00F2D6F7 /* SecretPlaceGameCommon in Frameworks */ = {isa = PBXBuildFile; productRef = 11C768BA29AFCACA00F2D6F7 /* SecretPlaceGameCommon */; };
		11C768BD29AFCACA00F2D6F7 /* SecretPlaceGameLogger in Frameworks */ = {isa = PBXBuildFile; productRef = 11C768BC29AFCACA00F2D6F7 /* SecretPlaceGameLogger */; };
/* End PBXBuildFile section */

/* Begin PBXFileReference section */
		11B11B1E29AFD5500090D747 /* Info.plist */ = {isa = PBXFileReference; lastKnownFileType = text.plist; path = Info.plist; sourceTree = "<group>"; };
		11C7688829AFC9C400F2D6F7 /* SecretPlaceGameApp.app */ = {isa = PBXFileReference; explicitFileType = wrapper.application; includeInIndex = 0; path = SecretPlaceGameApp.app; sourceTree = BUILT_PRODUCTS_DIR; };
		11C7689129AFC9C500F2D6F7 /* SecretPlaceGameApp.entitlements */ = {isa = PBXFileReference; lastKnownFileType = text.plist.entitlements; path = SecretPlaceGameApp.entitlements; sourceTree = "<group>"; };
		11C7689329AFC9C500F2D6F7 /* Preview Assets.xcassets */ = {isa = PBXFileReference; lastKnownFileType = folder.assetcatalog; path = "Preview Assets.xcassets"; sourceTree = "<group>"; };
		11C7689B29AFCA1400F2D6F7 /* ContentView.swift */ = {isa = PBXFileReference; fileEncoding = 4; lastKnownFileType = sourcecode.swift; path = ContentView.swift; sourceTree = "<group>"; };
		11C7689D29AFCA1400F2D6F7 /* Assets.xcassets */ = {isa = PBXFileReference; lastKnownFileType = folder.assetcatalog; path = Assets.xcassets; sourceTree = "<group>"; };
		11C7689F29AFCA1400F2D6F7 /* Preview Assets.xcassets */ = {isa = PBXFileReference; lastKnownFileType = folder.assetcatalog; path = "Preview Assets.xcassets"; sourceTree = "<group>"; };
		11C768A129AFCA1400F2D6F7 /* Logger.swift */ = {isa = PBXFileReference; fileEncoding = 4; lastKnownFileType = sourcecode.swift; path = Logger.swift; sourceTree = "<group>"; };
		11C768A229AFCA1400F2D6F7 /* Settings.swift */ = {isa = PBXFileReference; fileEncoding = 4; lastKnownFileType = sourcecode.swift; path = Settings.swift; sourceTree = "<group>"; };
		11C768A329AFCA1400F2D6F7 /* Injector.swift */ = {isa = PBXFileReference; fileEncoding = 4; lastKnownFileType = sourcecode.swift; path = Injector.swift; sourceTree = "<group>"; };
		11C768A529AFCA1400F2D6F7 /* ModuleDependencyImpl.generated.swift */ = {isa = PBXFileReference; fileEncoding = 4; lastKnownFileType = sourcecode.swift; path = ModuleDependencyImpl.generated.swift; sourceTree = "<group>"; };
		11C768A629AFCA1400F2D6F7 /* InlineGeneration.generated.swift */ = {isa = PBXFileReference; fileEncoding = 4; lastKnownFileType = sourcecode.swift; path = InlineGeneration.generated.swift; sourceTree = "<group>"; };
		11C768A729AFCA1400F2D6F7 /* SecretPlaceGameApp.swift */ = {isa = PBXFileReference; fileEncoding = 4; lastKnownFileType = sourcecode.swift; path = SecretPlaceGameApp.swift; sourceTree = "<group>"; };
		11C768B229AFCA4700F2D6F7 /* SecretPlaceGame-ios-client */ = {isa = PBXFileReference; lastKnownFileType = wrapper; name = "SecretPlaceGame-ios-client"; path = "Packages/SecretPlaceGame-ios-client"; sourceTree = "<group>"; };
		11C768B329AFCA5300F2D6F7 /* SecretPlaceGame-ios-common */ = {isa = PBXFileReference; lastKnownFileType = wrapper; name = "SecretPlaceGame-ios-common"; path = "Packages/SecretPlaceGame-ios-common"; sourceTree = "<group>"; };
		11C768B429AFCA5F00F2D6F7 /* SecretPlaceGame-ios-assets */ = {isa = PBXFileReference; lastKnownFileType = wrapper; name = "SecretPlaceGame-ios-assets"; path = "Packages/SecretPlaceGame-ios-assets"; sourceTree = "<group>"; };
/* End PBXFileReference section */

/* Begin PBXFrameworksBuildPhase section */
		11C7688529AFC9C400F2D6F7 /* Frameworks */ = {
			isa = PBXFrameworksBuildPhase;
			buildActionMask = 2147483647;
			files = (
				11C768BB29AFCACA00F2D6F7 /* SecretPlaceGameCommon in Frameworks */,
				11C768B729AFCACA00F2D6F7 /* SecretPlaceGameAssets in Frameworks */,
				11C768BD29AFCACA00F2D6F7 /* SecretPlaceGameLogger in Frameworks */,
				11C768B929AFCACA00F2D6F7 /* SecretPlaceGameClient in Frameworks */,
			);
			runOnlyForDeploymentPostprocessing = 0;
		};
/* End PBXFrameworksBuildPhase section */

/* Begin PBXGroup section */
		11C7687F29AFC9C400F2D6F7 = {
			isa = PBXGroup;
			children = (
				11C768B129AFCA4700F2D6F7 /* Packages */,
				11C7688A29AFC9C400F2D6F7 /* SecretPlaceGameApp */,
				11C7688929AFC9C400F2D6F7 /* Products */,
				11C768B529AFCACA00F2D6F7 /* Frameworks */,
			);
			sourceTree = "<group>";
		};
		11C7688929AFC9C400F2D6F7 /* Products */ = {
			isa = PBXGroup;
			children = (
				11C7688829AFC9C400F2D6F7 /* SecretPlaceGameApp.app */,
			);
			name = Products;
			sourceTree = "<group>";
		};
		11C7688A29AFC9C400F2D6F7 /* SecretPlaceGameApp */ = {
			isa = PBXGroup;
			children = (
				11B11B1E29AFD5500090D747 /* Info.plist */,
				11C7689129AFC9C500F2D6F7 /* SecretPlaceGameApp.entitlements */,
				11C768A729AFCA1400F2D6F7 /* SecretPlaceGameApp.swift */,
				11C768A029AFCA1400F2D6F7 /* Assembly */,
				11C768A429AFCA1400F2D6F7 /* Generated */,
				11C7689E29AFCA1400F2D6F7 /* Preview Content */,
				11C7689C29AFCA1400F2D6F7 /* Resources */,
				11C7689A29AFCA1400F2D6F7 /* View */,
				11C7689229AFC9C500F2D6F7 /* Preview Content */,
			);
			path = SecretPlaceGameApp;
			sourceTree = "<group>";
		};
		11C7689229AFC9C500F2D6F7 /* Preview Content */ = {
			isa = PBXGroup;
			children = (
				11C7689329AFC9C500F2D6F7 /* Preview Assets.xcassets */,
			);
			path = "Preview Content";
			sourceTree = "<group>";
		};
		11C7689A29AFCA1400F2D6F7 /* View */ = {
			isa = PBXGroup;
			children = (
				11C7689B29AFCA1400F2D6F7 /* ContentView.swift */,
			);
			path = View;
			sourceTree = "<group>";
		};
		11C7689C29AFCA1400F2D6F7 /* Resources */ = {
			isa = PBXGroup;
			children = (
				11C7689D29AFCA1400F2D6F7 /* Assets.xcassets */,
			);
			path = Resources;
			sourceTree = "<group>";
		};
		11C7689E29AFCA1400F2D6F7 /* Preview Content */ = {
			isa = PBXGroup;
			children = (
				11C7689F29AFCA1400F2D6F7 /* Preview Assets.xcassets */,
			);
			path = "Preview Content";
			sourceTree = "<group>";
		};
		11C768A029AFCA1400F2D6F7 /* Assembly */ = {
			isa = PBXGroup;
			children = (
				11C768A129AFCA1400F2D6F7 /* Logger.swift */,
				11C768A229AFCA1400F2D6F7 /* Settings.swift */,
				11C768A329AFCA1400F2D6F7 /* Injector.swift */,
			);
			path = Assembly;
			sourceTree = "<group>";
		};
		11C768A429AFCA1400F2D6F7 /* Generated */ = {
			isa = PBXGroup;
			children = (
				11C768A529AFCA1400F2D6F7 /* ModuleDependencyImpl.generated.swift */,
				11C768A629AFCA1400F2D6F7 /* InlineGeneration.generated.swift */,
			);
			path = Generated;
			sourceTree = "<group>";
		};
		11C768B129AFCA4700F2D6F7 /* Packages */ = {
			isa = PBXGroup;
			children = (
				11C768B229AFCA4700F2D6F7 /* SecretPlaceGame-ios-client */,
				11C768B329AFCA5300F2D6F7 /* SecretPlaceGame-ios-common */,
				11C768B429AFCA5F00F2D6F7 /* SecretPlaceGame-ios-assets */,
			);
			name = Packages;
			sourceTree = "<group>";
		};
		11C768B529AFCACA00F2D6F7 /* Frameworks */ = {
			isa = PBXGroup;
			children = (
			);
			name = Frameworks;
			sourceTree = "<group>";
		};
/* End PBXGroup section */

/* Begin PBXNativeTarget section */
		11C7688729AFC9C400F2D6F7 /* SecretPlaceGameApp */ = {
			isa = PBXNativeTarget;
			buildConfigurationList = 11C7689729AFC9C500F2D6F7 /* Build configuration list for PBXNativeTarget "SecretPlaceGameApp" */;
			buildPhases = (
				11C7688429AFC9C400F2D6F7 /* Sources */,
				11C7688529AFC9C400F2D6F7 /* Frameworks */,
				11C7688629AFC9C400F2D6F7 /* Resources */,
			);
			buildRules = (
			);
			dependencies = (
			);
			name = SecretPlaceGameApp;
			packageProductDependencies = (
				11C768B629AFCACA00F2D6F7 /* SecretPlaceGameAssets */,
				11C768B829AFCACA00F2D6F7 /* SecretPlaceGameClient */,
				11C768BA29AFCACA00F2D6F7 /* SecretPlaceGameCommon */,
				11C768BC29AFCACA00F2D6F7 /* SecretPlaceGameLogger */,
			);
			productName = SecretPlaceGameApp;
			productReference = 11C7688829AFC9C400F2D6F7 /* SecretPlaceGameApp.app */;
			productType = "com.apple.product-type.application";
		};
/* End PBXNativeTarget section */

/* Begin PBXProject section */
		11C7688029AFC9C400F2D6F7 /* Project object */ = {
			isa = PBXProject;
			attributes = {
				BuildIndependentTargetsInParallel = 1;
				LastSwiftUpdateCheck = 1420;
				LastUpgradeCheck = 1420;
				TargetAttributes = {
					11C7688729AFC9C400F2D6F7 = {
						CreatedOnToolsVersion = 14.2;
					};
				};
			};
			buildConfigurationList = 11C7688329AFC9C400F2D6F7 /* Build configuration list for PBXProject "SecretPlaceGameApp" */;
			compatibilityVersion = "Xcode 14.0";
			developmentRegion = en;
			hasScannedForEncodings = 0;
			knownRegions = (
				en,
				Base,
			);
			mainGroup = 11C7687F29AFC9C400F2D6F7;
			packageReferences = (
				11C768BE29AFCB1B00F2D6F7 /* XCRemoteSwiftPackageReference "SourceryPlugin" */,
			);
			productRefGroup = 11C7688929AFC9C400F2D6F7 /* Products */;
			projectDirPath = "";
			projectRoot = "";
			targets = (
				11C7688729AFC9C400F2D6F7 /* SecretPlaceGameApp */,
			);
		};
/* End PBXProject section */

/* Begin PBXResourcesBuildPhase section */
		11C7688629AFC9C400F2D6F7 /* Resources */ = {
			isa = PBXResourcesBuildPhase;
			buildActionMask = 2147483647;
			files = (
				11C768AA29AFCA1400F2D6F7 /* Preview Assets.xcassets in Resources */,
				11C7689429AFC9C500F2D6F7 /* Preview Assets.xcassets in Resources */,
				11C768A929AFCA1400F2D6F7 /* Assets.xcassets in Resources */,
			);
			runOnlyForDeploymentPostprocessing = 0;
		};
/* End PBXResourcesBuildPhase section */

/* Begin PBXSourcesBuildPhase section */
		11C7688429AFC9C400F2D6F7 /* Sources */ = {
			isa = PBXSourcesBuildPhase;
			buildActionMask = 2147483647;
			files = (
				11C768AD29AFCA1400F2D6F7 /* Injector.swift in Sources */,
				11C768AE29AFCA1400F2D6F7 /* ModuleDependencyImpl.generated.swift in Sources */,
				11C768A829AFCA1400F2D6F7 /* ContentView.swift in Sources */,
				11C768AB29AFCA1400F2D6F7 /* Logger.swift in Sources */,
				11C768B029AFCA1400F2D6F7 /* SecretPlaceGameApp.swift in Sources */,
				11C768AF29AFCA1400F2D6F7 /* InlineGeneration.generated.swift in Sources */,
				11C768AC29AFCA1400F2D6F7 /* Settings.swift in Sources */,
			);
			runOnlyForDeploymentPostprocessing = 0;
		};
/* End PBXSourcesBuildPhase section */

/* Begin XCBuildConfiguration section */
		11C7689529AFC9C500F2D6F7 /* Debug */ = {
			isa = XCBuildConfiguration;
			buildSettings = {
				ALWAYS_SEARCH_USER_PATHS = NO;
				CLANG_ANALYZER_NONNULL = YES;
				CLANG_ANALYZER_NUMBER_OBJECT_CONVERSION = YES_AGGRESSIVE;
				CLANG_CXX_LANGUAGE_STANDARD = "gnu++20";
				CLANG_ENABLE_MODULES = YES;
				CLANG_ENABLE_OBJC_ARC = YES;
				CLANG_ENABLE_OBJC_WEAK = YES;
				CLANG_WARN_BLOCK_CAPTURE_AUTORELEASING = YES;
				CLANG_WARN_BOOL_CONVERSION = YES;
				CLANG_WARN_COMMA = YES;
				CLANG_WARN_CONSTANT_CONVERSION = YES;
				CLANG_WARN_DEPRECATED_OBJC_IMPLEMENTATIONS = YES;
				CLANG_WARN_DIRECT_OBJC_ISA_USAGE = YES_ERROR;
				CLANG_WARN_DOCUMENTATION_COMMENTS = YES;
				CLANG_WARN_EMPTY_BODY = YES;
				CLANG_WARN_ENUM_CONVERSION = YES;
				CLANG_WARN_INFINITE_RECURSION = YES;
				CLANG_WARN_INT_CONVERSION = YES;
				CLANG_WARN_NON_LITERAL_NULL_CONVERSION = YES;
				CLANG_WARN_OBJC_IMPLICIT_RETAIN_SELF = YES;
				CLANG_WARN_OBJC_LITERAL_CONVERSION = YES;
				CLANG_WARN_OBJC_ROOT_CLASS = YES_ERROR;
				CLANG_WARN_QUOTED_INCLUDE_IN_FRAMEWORK_HEADER = YES;
				CLANG_WARN_RANGE_LOOP_ANALYSIS = YES;
				CLANG_WARN_STRICT_PROTOTYPES = YES;
				CLANG_WARN_SUSPICIOUS_MOVE = YES;
				CLANG_WARN_UNGUARDED_AVAILABILITY = YES_AGGRESSIVE;
				CLANG_WARN_UNREACHABLE_CODE = YES;
				CLANG_WARN__DUPLICATE_METHOD_MATCH = YES;
				COPY_PHASE_STRIP = NO;
				DEBUG_INFORMATION_FORMAT = dwarf;
				ENABLE_STRICT_OBJC_MSGSEND = YES;
				ENABLE_TESTABILITY = YES;
				GCC_C_LANGUAGE_STANDARD = gnu11;
				GCC_DYNAMIC_NO_PIC = NO;
				GCC_NO_COMMON_BLOCKS = YES;
				GCC_OPTIMIZATION_LEVEL = 0;
				GCC_PREPROCESSOR_DEFINITIONS = (
					"DEBUG=1",
					"$(inherited)",
				);
				GCC_WARN_64_TO_32_BIT_CONVERSION = YES;
				GCC_WARN_ABOUT_RETURN_TYPE = YES_ERROR;
				GCC_WARN_UNDECLARED_SELECTOR = YES;
				GCC_WARN_UNINITIALIZED_AUTOS = YES_AGGRESSIVE;
				GCC_WARN_UNUSED_FUNCTION = YES;
				GCC_WARN_UNUSED_VARIABLE = YES;
				MTL_ENABLE_DEBUG_INFO = INCLUDE_SOURCE;
				MTL_FAST_MATH = YES;
				ONLY_ACTIVE_ARCH = YES;
				SWIFT_ACTIVE_COMPILATION_CONDITIONS = DEBUG;
				SWIFT_OPTIMIZATION_LEVEL = "-Onone";
			};
			name = Debug;
		};
		11C7689629AFC9C500F2D6F7 /* Release */ = {
			isa = XCBuildConfiguration;
			buildSettings = {
				ALWAYS_SEARCH_USER_PATHS = NO;
				CLANG_ANALYZER_NONNULL = YES;
				CLANG_ANALYZER_NUMBER_OBJECT_CONVERSION = YES_AGGRESSIVE;
				CLANG_CXX_LANGUAGE_STANDARD = "gnu++20";
				CLANG_ENABLE_MODULES = YES;
				CLANG_ENABLE_OBJC_ARC = YES;
				CLANG_ENABLE_OBJC_WEAK = YES;
				CLANG_WARN_BLOCK_CAPTURE_AUTORELEASING = YES;
				CLANG_WARN_BOOL_CONVERSION = YES;
				CLANG_WARN_COMMA = YES;
				CLANG_WARN_CONSTANT_CONVERSION = YES;
				CLANG_WARN_DEPRECATED_OBJC_IMPLEMENTATIONS = YES;
				CLANG_WARN_DIRECT_OBJC_ISA_USAGE = YES_ERROR;
				CLANG_WARN_DOCUMENTATION_COMMENTS = YES;
				CLANG_WARN_EMPTY_BODY = YES;
				CLANG_WARN_ENUM_CONVERSION = YES;
				CLANG_WARN_INFINITE_RECURSION = YES;
				CLANG_WARN_INT_CONVERSION = YES;
				CLANG_WARN_NON_LITERAL_NULL_CONVERSION = YES;
				CLANG_WARN_OBJC_IMPLICIT_RETAIN_SELF = YES;
				CLANG_WARN_OBJC_LITERAL_CONVERSION = YES;
				CLANG_WARN_OBJC_ROOT_CLASS = YES_ERROR;
				CLANG_WARN_QUOTED_INCLUDE_IN_FRAMEWORK_HEADER = YES;
				CLANG_WARN_RANGE_LOOP_ANALYSIS = YES;
				CLANG_WARN_STRICT_PROTOTYPES = YES;
				CLANG_WARN_SUSPICIOUS_MOVE = YES;
				CLANG_WARN_UNGUARDED_AVAILABILITY = YES_AGGRESSIVE;
				CLANG_WARN_UNREACHABLE_CODE = YES;
				CLANG_WARN__DUPLICATE_METHOD_MATCH = YES;
				COPY_PHASE_STRIP = NO;
				DEBUG_INFORMATION_FORMAT = "dwarf-with-dsym";
				ENABLE_NS_ASSERTIONS = NO;
				ENABLE_STRICT_OBJC_MSGSEND = YES;
				GCC_C_LANGUAGE_STANDARD = gnu11;
				GCC_NO_COMMON_BLOCKS = YES;
				GCC_WARN_64_TO_32_BIT_CONVERSION = YES;
				GCC_WARN_ABOUT_RETURN_TYPE = YES_ERROR;
				GCC_WARN_UNDECLARED_SELECTOR = YES;
				GCC_WARN_UNINITIALIZED_AUTOS = YES_AGGRESSIVE;
				GCC_WARN_UNUSED_FUNCTION = YES;
				GCC_WARN_UNUSED_VARIABLE = YES;
				MTL_ENABLE_DEBUG_INFO = NO;
				MTL_FAST_MATH = YES;
				SWIFT_COMPILATION_MODE = wholemodule;
				SWIFT_OPTIMIZATION_LEVEL = "-O";
			};
			name = Release;
		};
		11C7689829AFC9C500F2D6F7 /* Debug */ = {
			isa = XCBuildConfiguration;
			buildSettings = {
				ASSETCATALOG_COMPILER_APPICON_NAME = AppIcon;
				ASSETCATALOG_COMPILER_GLOBAL_ACCENT_COLOR_NAME = AccentColor;
				CODE_SIGN_ENTITLEMENTS = SecretPlaceGameApp/SecretPlaceGameApp.entitlements;
				CODE_SIGN_STYLE = Automatic;
				CURRENT_PROJECT_VERSION = 1;
				DEVELOPMENT_ASSET_PATHS = "\"SecretPlaceGameApp/Preview Content\"";
				DEVELOPMENT_TEAM = Z47YDNJ7J9;
				ENABLE_HARDENED_RUNTIME = YES;
				ENABLE_PREVIEWS = YES;
				GENERATE_INFOPLIST_FILE = YES;
				INFOPLIST_FILE = SecretPlaceGameApp/Info.plist;
				INFOPLIST_KEY_CFBundleDisplayName = Game;
				"INFOPLIST_KEY_UIApplicationSceneManifest_Generation[sdk=iphoneos*]" = YES;
				"INFOPLIST_KEY_UIApplicationSceneManifest_Generation[sdk=iphonesimulator*]" = YES;
				"INFOPLIST_KEY_UIApplicationSupportsIndirectInputEvents[sdk=iphoneos*]" = YES;
				"INFOPLIST_KEY_UIApplicationSupportsIndirectInputEvents[sdk=iphonesimulator*]" = YES;
				"INFOPLIST_KEY_UILaunchScreen_Generation[sdk=iphoneos*]" = YES;
				"INFOPLIST_KEY_UILaunchScreen_Generation[sdk=iphonesimulator*]" = YES;
				"INFOPLIST_KEY_UIStatusBarStyle[sdk=iphoneos*]" = UIStatusBarStyleDefault;
				"INFOPLIST_KEY_UIStatusBarStyle[sdk=iphonesimulator*]" = UIStatusBarStyleDefault;
				INFOPLIST_KEY_UISupportedInterfaceOrientations_iPad = "UIInterfaceOrientationPortrait UIInterfaceOrientationPortraitUpsideDown UIInterfaceOrientationLandscapeLeft UIInterfaceOrientationLandscapeRight";
				INFOPLIST_KEY_UISupportedInterfaceOrientations_iPhone = "UIInterfaceOrientationPortrait UIInterfaceOrientationLandscapeLeft UIInterfaceOrientationLandscapeRight";
				IPHONEOS_DEPLOYMENT_TARGET = 16.0;
				LD_RUNPATH_SEARCH_PATHS = "@executable_path/Frameworks";
				"LD_RUNPATH_SEARCH_PATHS[sdk=macosx*]" = "@executable_path/../Frameworks";
				MACOSX_DEPLOYMENT_TARGET = 13.1;
				MARKETING_VERSION = 1.0;
				PRODUCT_BUNDLE_IDENTIFIER = com.zuzic.SecretPlaceGameApp;
				PRODUCT_NAME = "$(TARGET_NAME)";
				SDKROOT = auto;
				SUPPORTED_PLATFORMS = "iphoneos iphonesimulator";
				SUPPORTS_MACCATALYST = NO;
				SUPPORTS_MAC_DESIGNED_FOR_IPHONE_IPAD = NO;
				SWIFT_EMIT_LOC_STRINGS = YES;
				SWIFT_VERSION = 5.0;
				TARGETED_DEVICE_FAMILY = "1,2";
			};
			name = Debug;
		};
		11C7689929AFC9C500F2D6F7 /* Release */ = {
			isa = XCBuildConfiguration;
			buildSettings = {
				ASSETCATALOG_COMPILER_APPICON_NAME = AppIcon;
				ASSETCATALOG_COMPILER_GLOBAL_ACCENT_COLOR_NAME = AccentColor;
				CODE_SIGN_ENTITLEMENTS = SecretPlaceGameApp/SecretPlaceGameApp.entitlements;
				CODE_SIGN_STYLE = Automatic;
				CURRENT_PROJECT_VERSION = 1;
				DEVELOPMENT_ASSET_PATHS = "\"SecretPlaceGameApp/Preview Content\"";
				DEVELOPMENT_TEAM = Z47YDNJ7J9;
				ENABLE_HARDENED_RUNTIME = YES;
				ENABLE_PREVIEWS = YES;
				GENERATE_INFOPLIST_FILE = YES;
				INFOPLIST_FILE = SecretPlaceGameApp/Info.plist;
				INFOPLIST_KEY_CFBundleDisplayName = Game;
				"INFOPLIST_KEY_UIApplicationSceneManifest_Generation[sdk=iphoneos*]" = YES;
				"INFOPLIST_KEY_UIApplicationSceneManifest_Generation[sdk=iphonesimulator*]" = YES;
				"INFOPLIST_KEY_UIApplicationSupportsIndirectInputEvents[sdk=iphoneos*]" = YES;
				"INFOPLIST_KEY_UIApplicationSupportsIndirectInputEvents[sdk=iphonesimulator*]" = YES;
				"INFOPLIST_KEY_UILaunchScreen_Generation[sdk=iphoneos*]" = YES;
				"INFOPLIST_KEY_UILaunchScreen_Generation[sdk=iphonesimulator*]" = YES;
				"INFOPLIST_KEY_UIStatusBarStyle[sdk=iphoneos*]" = UIStatusBarStyleDefault;
				"INFOPLIST_KEY_UIStatusBarStyle[sdk=iphonesimulator*]" = UIStatusBarStyleDefault;
				INFOPLIST_KEY_UISupportedInterfaceOrientations_iPad = "UIInterfaceOrientationPortrait UIInterfaceOrientationPortraitUpsideDown UIInterfaceOrientationLandscapeLeft UIInterfaceOrientationLandscapeRight";
				INFOPLIST_KEY_UISupportedInterfaceOrientations_iPhone = "UIInterfaceOrientationPortrait UIInterfaceOrientationLandscapeLeft UIInterfaceOrientationLandscapeRight";
				IPHONEOS_DEPLOYMENT_TARGET = 16.0;
				LD_RUNPATH_SEARCH_PATHS = "@executable_path/Frameworks";
				"LD_RUNPATH_SEARCH_PATHS[sdk=macosx*]" = "@executable_path/../Frameworks";
				MACOSX_DEPLOYMENT_TARGET = 13.1;
				MARKETING_VERSION = 1.0;
				PRODUCT_BUNDLE_IDENTIFIER = com.zuzic.SecretPlaceGameApp;
				PRODUCT_NAME = "$(TARGET_NAME)";
				SDKROOT = auto;
				SUPPORTED_PLATFORMS = "iphoneos iphonesimulator";
				SUPPORTS_MACCATALYST = NO;
				SUPPORTS_MAC_DESIGNED_FOR_IPHONE_IPAD = NO;
				SWIFT_EMIT_LOC_STRINGS = YES;
				SWIFT_VERSION = 5.0;
				TARGETED_DEVICE_FAMILY = "1,2";
			};
			name = Release;
		};
/* End XCBuildConfiguration section */

/* Begin XCConfigurationList section */
		11C7688329AFC9C400F2D6F7 /* Build configuration list for PBXProject "SecretPlaceGameApp" */ = {
			isa = XCConfigurationList;
			buildConfigurations = (
				11C7689529AFC9C500F2D6F7 /* Debug */,
				11C7689629AFC9C500F2D6F7 /* Release */,
			);
			defaultConfigurationIsVisible = 0;
			defaultConfigurationName = Release;
		};
		11C7689729AFC9C500F2D6F7 /* Build configuration list for PBXNativeTarget "SecretPlaceGameApp" */ = {
			isa = XCConfigurationList;
			buildConfigurations = (
				11C7689829AFC9C500F2D6F7 /* Debug */,
				11C7689929AFC9C500F2D6F7 /* Release */,
			);
			defaultConfigurationIsVisible = 0;
			defaultConfigurationName = Release;
		};
/* End XCConfigurationList section */

/* Begin XCRemoteSwiftPackageReference section */
		11C768BE29AFCB1B00F2D6F7 /* XCRemoteSwiftPackageReference "SourceryPlugin" */ = {
			isa = XCRemoteSwiftPackageReference;
			repositoryURL = "https://github.com/nullic/SourceryPlugin.git";
			requirement = {
				branch = main;
				kind = branch;
			};
		};
/* End XCRemoteSwiftPackageReference section */

/* Begin XCSwiftPackageProductDependency section */
		11C768B629AFCACA00F2D6F7 /* SecretPlaceGameAssets */ = {
			isa = XCSwiftPackageProductDependency;
			productName = SecretPlaceGameAssets;
		};
		11C768B829AFCACA00F2D6F7 /* SecretPlaceGameClient */ = {
			isa = XCSwiftPackageProductDependency;
			productName = SecretPlaceGameClient;
		};
		11C768BA29AFCACA00F2D6F7 /* SecretPlaceGameCommon */ = {
			isa = XCSwiftPackageProductDependency;
			productName = SecretPlaceGameCommon;
		};
		11C768BC29AFCACA00F2D6F7 /* SecretPlaceGameLogger */ = {
			isa = XCSwiftPackageProductDependency;
			productName = SecretPlaceGameLogger;
		};
/* End XCSwiftPackageProductDependency section */
	};
	rootObject = 11C7688029AFC9C400F2D6F7 /* Project object */;
}
